// !$*UTF8*$!
{
	archiveVersion = 1;
	classes = {
	};
	objectVersion = 46;
	objects = {

/* Begin PBXBuildFile section */
		857A4DB81CFC305D001DBEFC /* ZZMapViewController.m in Sources */ = {isa = PBXBuildFile; fileRef = 857A4DB71CFC305D001DBEFC /* ZZMapViewController.m */; };
		857A4E9F1CFC3C45001DBEFC /* ZZWeatherTableViewController.m in Sources */ = {isa = PBXBuildFile; fileRef = 857A4E441CFC3C45001DBEFC /* ZZWeatherTableViewController.m */; };
		857A4EA01CFC3C45001DBEFC /* MJRefreshAutoFooter.m in Sources */ = {isa = PBXBuildFile; fileRef = 857A4E491CFC3C45001DBEFC /* MJRefreshAutoFooter.m */; };
		857A4EA11CFC3C45001DBEFC /* MJRefreshBackFooter.m in Sources */ = {isa = PBXBuildFile; fileRef = 857A4E4B1CFC3C45001DBEFC /* MJRefreshBackFooter.m */; };
		857A4EA21CFC3C45001DBEFC /* MJRefreshComponent.m in Sources */ = {isa = PBXBuildFile; fileRef = 857A4E4D1CFC3C45001DBEFC /* MJRefreshComponent.m */; };
		857A4EA31CFC3C45001DBEFC /* MJRefreshFooter.m in Sources */ = {isa = PBXBuildFile; fileRef = 857A4E4F1CFC3C45001DBEFC /* MJRefreshFooter.m */; };
		857A4EA41CFC3C45001DBEFC /* MJRefreshHeader.m in Sources */ = {isa = PBXBuildFile; fileRef = 857A4E511CFC3C45001DBEFC /* MJRefreshHeader.m */; };
		857A4EA51CFC3C45001DBEFC /* MJRefreshAutoGifFooter.m in Sources */ = {isa = PBXBuildFile; fileRef = 857A4E561CFC3C45001DBEFC /* MJRefreshAutoGifFooter.m */; };
		857A4EA61CFC3C45001DBEFC /* MJRefreshAutoNormalFooter.m in Sources */ = {isa = PBXBuildFile; fileRef = 857A4E581CFC3C45001DBEFC /* MJRefreshAutoNormalFooter.m */; };
		857A4EA71CFC3C45001DBEFC /* MJRefreshAutoStateFooter.m in Sources */ = {isa = PBXBuildFile; fileRef = 857A4E5A1CFC3C45001DBEFC /* MJRefreshAutoStateFooter.m */; };
		857A4EA81CFC3C45001DBEFC /* MJRefreshBackGifFooter.m in Sources */ = {isa = PBXBuildFile; fileRef = 857A4E5D1CFC3C45001DBEFC /* MJRefreshBackGifFooter.m */; };
		857A4EA91CFC3C45001DBEFC /* MJRefreshBackNormalFooter.m in Sources */ = {isa = PBXBuildFile; fileRef = 857A4E5F1CFC3C45001DBEFC /* MJRefreshBackNormalFooter.m */; };
		857A4EAA1CFC3C45001DBEFC /* MJRefreshBackStateFooter.m in Sources */ = {isa = PBXBuildFile; fileRef = 857A4E611CFC3C45001DBEFC /* MJRefreshBackStateFooter.m */; };
		857A4EAB1CFC3C45001DBEFC /* MJRefreshGifHeader.m in Sources */ = {isa = PBXBuildFile; fileRef = 857A4E641CFC3C45001DBEFC /* MJRefreshGifHeader.m */; };
		857A4EAC1CFC3C45001DBEFC /* MJRefreshNormalHeader.m in Sources */ = {isa = PBXBuildFile; fileRef = 857A4E661CFC3C45001DBEFC /* MJRefreshNormalHeader.m */; };
		857A4EAD1CFC3C45001DBEFC /* MJRefreshStateHeader.m in Sources */ = {isa = PBXBuildFile; fileRef = 857A4E681CFC3C45001DBEFC /* MJRefreshStateHeader.m */; };
		857A4EAE1CFC3C45001DBEFC /* MJRefresh.bundle in Resources */ = {isa = PBXBuildFile; fileRef = 857A4E691CFC3C45001DBEFC /* MJRefresh.bundle */; };
		857A4EAF1CFC3C45001DBEFC /* MJRefreshConst.m in Sources */ = {isa = PBXBuildFile; fileRef = 857A4E6C1CFC3C45001DBEFC /* MJRefreshConst.m */; };
		857A4EB01CFC3C45001DBEFC /* UIScrollView+MJExtension.m in Sources */ = {isa = PBXBuildFile; fileRef = 857A4E6E1CFC3C45001DBEFC /* UIScrollView+MJExtension.m */; };
		857A4EB11CFC3C45001DBEFC /* UIScrollView+MJRefresh.m in Sources */ = {isa = PBXBuildFile; fileRef = 857A4E701CFC3C45001DBEFC /* UIScrollView+MJRefresh.m */; };
		857A4EB21CFC3C45001DBEFC /* UIView+MJExtension.m in Sources */ = {isa = PBXBuildFile; fileRef = 857A4E721CFC3C45001DBEFC /* UIView+MJExtension.m */; };
		857A4EB31CFC3C45001DBEFC /* ZZAllData.m in Sources */ = {isa = PBXBuildFile; fileRef = 857A4E751CFC3C45001DBEFC /* ZZAllData.m */; };
		857A4EB41CFC3C45001DBEFC /* ZZAqi.m in Sources */ = {isa = PBXBuildFile; fileRef = 857A4E771CFC3C45001DBEFC /* ZZAqi.m */; };
		857A4EB51CFC3C45001DBEFC /* ZZdaliy.m in Sources */ = {isa = PBXBuildFile; fileRef = 857A4E791CFC3C45001DBEFC /* ZZdaliy.m */; };
		857A4EB61CFC3C45001DBEFC /* ZZDataTool.m in Sources */ = {isa = PBXBuildFile; fileRef = 857A4E7B1CFC3C45001DBEFC /* ZZDataTool.m */; };
		857A4EB71CFC3C45001DBEFC /* ZZNow.m in Sources */ = {isa = PBXBuildFile; fileRef = 857A4E7D1CFC3C45001DBEFC /* ZZNow.m */; };
		857A4EB81CFC3C45001DBEFC /* ZZSuggestion.m in Sources */ = {isa = PBXBuildFile; fileRef = 857A4E7F1CFC3C45001DBEFC /* ZZSuggestion.m */; };
		857A4EB91CFC3C45001DBEFC /* cityNumber.plist in Resources */ = {isa = PBXBuildFile; fileRef = 857A4E811CFC3C45001DBEFC /* cityNumber.plist */; };
		857A4EBA1CFC3C45001DBEFC /* tempWeather.plist in Resources */ = {isa = PBXBuildFile; fileRef = 857A4E821CFC3C45001DBEFC /* tempWeather.plist */; };
		857A4EBB1CFC3C45001DBEFC /* rain.png in Resources */ = {isa = PBXBuildFile; fileRef = 857A4E831CFC3C45001DBEFC /* rain.png */; };
		857A4EBC1CFC3C45001DBEFC /* cloud.png in Resources */ = {isa = PBXBuildFile; fileRef = 857A4E841CFC3C45001DBEFC /* cloud.png */; };
		857A4EBD1CFC3C45001DBEFC /* sunny.png in Resources */ = {isa = PBXBuildFile; fileRef = 857A4E851CFC3C45001DBEFC /* sunny.png */; };
		857A4EBE1CFC3C45001DBEFC /* ZZNetServer.m in Sources */ = {isa = PBXBuildFile; fileRef = 857A4E881CFC3C45001DBEFC /* ZZNetServer.m */; };
		857A4EBF1CFC3C45001DBEFC /* ZZDailyTableViewCell.m in Sources */ = {isa = PBXBuildFile; fileRef = 857A4E8B1CFC3C45001DBEFC /* ZZDailyTableViewCell.m */; };
		857A4EC01CFC3C45001DBEFC /* ZZDailyView.m in Sources */ = {isa = PBXBuildFile; fileRef = 857A4E8D1CFC3C45001DBEFC /* ZZDailyView.m */; };
		857A4EC11CFC3C45001DBEFC /* ZZDailyView.xib in Resources */ = {isa = PBXBuildFile; fileRef = 857A4E8E1CFC3C45001DBEFC /* ZZDailyView.xib */; };
		857A4EC21CFC3C45001DBEFC /* ZZHeadView.m in Sources */ = {isa = PBXBuildFile; fileRef = 857A4E901CFC3C45001DBEFC /* ZZHeadView.m */; };
		857A4EC31CFC3C45001DBEFC /* ZZHeadView.xib in Resources */ = {isa = PBXBuildFile; fileRef = 857A4E911CFC3C45001DBEFC /* ZZHeadView.xib */; };
		857A4EC41CFC3C45001DBEFC /* ZZLabel.m in Sources */ = {isa = PBXBuildFile; fileRef = 857A4E931CFC3C45001DBEFC /* ZZLabel.m */; };
		857A4EC51CFC3C45001DBEFC /* ZZNowTableViewCell.m in Sources */ = {isa = PBXBuildFile; fileRef = 857A4E951CFC3C45001DBEFC /* ZZNowTableViewCell.m */; };
		857A4EC61CFC3C45001DBEFC /* ZZNowTableViewCell.xib in Resources */ = {isa = PBXBuildFile; fileRef = 857A4E961CFC3C45001DBEFC /* ZZNowTableViewCell.xib */; };
		857A4EC71CFC3C45001DBEFC /* ZZStaticData.m in Sources */ = {isa = PBXBuildFile; fileRef = 857A4E981CFC3C45001DBEFC /* ZZStaticData.m */; };
		857A4EC81CFC3C45001DBEFC /* ZZSuggestionTableViewCell.m in Sources */ = {isa = PBXBuildFile; fileRef = 857A4E9A1CFC3C45001DBEFC /* ZZSuggestionTableViewCell.m */; };
		857A4EC91CFC3C45001DBEFC /* ZZSuggestionTableViewCell.xib in Resources */ = {isa = PBXBuildFile; fileRef = 857A4E9B1CFC3C45001DBEFC /* ZZSuggestionTableViewCell.xib */; };
		857A4ECA1CFC3C45001DBEFC /* ZZTodayHead.m in Sources */ = {isa = PBXBuildFile; fileRef = 857A4E9D1CFC3C45001DBEFC /* ZZTodayHead.m */; };
		857A4ECB1CFC3C45001DBEFC /* ZZTodayHead.xib in Resources */ = {isa = PBXBuildFile; fileRef = 857A4E9E1CFC3C45001DBEFC /* ZZTodayHead.xib */; };
		859F4FDD1CE70C2900838301 /* ZZManeger.m in Sources */ = {isa = PBXBuildFile; fileRef = 859F4FDC1CE70C2900838301 /* ZZManeger.m */; };
		859F4FEF1CE7155800838301 /* ZZResult.m in Sources */ = {isa = PBXBuildFile; fileRef = 859F4FEE1CE7155800838301 /* ZZResult.m */; };
		859F4FF21CE716B800838301 /* ZZAllCollectionViewController.m in Sources */ = {isa = PBXBuildFile; fileRef = 859F4FF11CE716B800838301 /* ZZAllCollectionViewController.m */; };
		859F4FF61CE7184000838301 /* ZZCell.m in Sources */ = {isa = PBXBuildFile; fileRef = 859F4FF41CE7184000838301 /* ZZCell.m */; };
		859F4FF71CE7184000838301 /* ZZCell.xib in Resources */ = {isa = PBXBuildFile; fileRef = 859F4FF51CE7184000838301 /* ZZCell.xib */; };
		859F4FFA1CE7187D00838301 /* ZZLayout.m in Sources */ = {isa = PBXBuildFile; fileRef = 859F4FF91CE7187D00838301 /* ZZLayout.m */; };
		85AACEB91CEBF1F0004F0190 /* ZZCellContentState.m in Sources */ = {isa = PBXBuildFile; fileRef = 85AACEB81CEBF1F0004F0190 /* ZZCellContentState.m */; };
		85AACEBC1CEC0E4F004F0190 /* ZZCellStateArray.m in Sources */ = {isa = PBXBuildFile; fileRef = 85AACEBB1CEC0E4F004F0190 /* ZZCellStateArray.m */; };
		85B130441CEDD85C0026E8D7 /* ZZTabBarViewController.m in Sources */ = {isa = PBXBuildFile; fileRef = 85B130431CEDD85C0026E8D7 /* ZZTabBarViewController.m */; };
		85B130471CEDDB280026E8D7 /* ZZNaviViewController.m in Sources */ = {isa = PBXBuildFile; fileRef = 85B130461CEDDB280026E8D7 /* ZZNaviViewController.m */; };
		85DA22BB1CE959E900CC3FEE /* MKAnnotationView+WebCache.m in Sources */ = {isa = PBXBuildFile; fileRef = 85DA229B1CE959E900CC3FEE /* MKAnnotationView+WebCache.m */; };
		85DA22BC1CE959E900CC3FEE /* NSData+ImageContentType.m in Sources */ = {isa = PBXBuildFile; fileRef = 85DA229D1CE959E900CC3FEE /* NSData+ImageContentType.m */; };
		85DA22BD1CE959E900CC3FEE /* SDImageCache.m in Sources */ = {isa = PBXBuildFile; fileRef = 85DA229F1CE959E900CC3FEE /* SDImageCache.m */; };
		85DA22BE1CE959E900CC3FEE /* SDWebImageCompat.m in Sources */ = {isa = PBXBuildFile; fileRef = 85DA22A11CE959E900CC3FEE /* SDWebImageCompat.m */; };
		85DA22BF1CE959E900CC3FEE /* SDWebImageDecoder.m in Sources */ = {isa = PBXBuildFile; fileRef = 85DA22A31CE959E900CC3FEE /* SDWebImageDecoder.m */; };
		85DA22C01CE959E900CC3FEE /* SDWebImageDownloader.m in Sources */ = {isa = PBXBuildFile; fileRef = 85DA22A51CE959E900CC3FEE /* SDWebImageDownloader.m */; };
		85DA22C11CE959E900CC3FEE /* SDWebImageDownloaderOperation.m in Sources */ = {isa = PBXBuildFile; fileRef = 85DA22A71CE959E900CC3FEE /* SDWebImageDownloaderOperation.m */; };
		85DA22C21CE959E900CC3FEE /* SDWebImageManager.m in Sources */ = {isa = PBXBuildFile; fileRef = 85DA22A91CE959E900CC3FEE /* SDWebImageManager.m */; };
		85DA22C31CE959E900CC3FEE /* SDWebImagePrefetcher.m in Sources */ = {isa = PBXBuildFile; fileRef = 85DA22AC1CE959E900CC3FEE /* SDWebImagePrefetcher.m */; };
		85DA22C41CE959E900CC3FEE /* UIButton+WebCache.m in Sources */ = {isa = PBXBuildFile; fileRef = 85DA22AE1CE959E900CC3FEE /* UIButton+WebCache.m */; };
		85DA22C51CE959E900CC3FEE /* UIImage+GIF.m in Sources */ = {isa = PBXBuildFile; fileRef = 85DA22B01CE959E900CC3FEE /* UIImage+GIF.m */; };
		85DA22C61CE959E900CC3FEE /* UIImage+MultiFormat.m in Sources */ = {isa = PBXBuildFile; fileRef = 85DA22B21CE959E900CC3FEE /* UIImage+MultiFormat.m */; };
		85DA22C71CE959E900CC3FEE /* UIImage+WebP.m in Sources */ = {isa = PBXBuildFile; fileRef = 85DA22B41CE959E900CC3FEE /* UIImage+WebP.m */; };
		85DA22C81CE959E900CC3FEE /* UIImageView+HighlightedWebCache.m in Sources */ = {isa = PBXBuildFile; fileRef = 85DA22B61CE959E900CC3FEE /* UIImageView+HighlightedWebCache.m */; };
		85DA22C91CE959E900CC3FEE /* UIImageView+WebCache.m in Sources */ = {isa = PBXBuildFile; fileRef = 85DA22B81CE959E900CC3FEE /* UIImageView+WebCache.m */; };
		85DA22CA1CE959E900CC3FEE /* UIView+WebCacheOperation.m in Sources */ = {isa = PBXBuildFile; fileRef = 85DA22BA1CE959E900CC3FEE /* UIView+WebCacheOperation.m */; };
		85DA22CD1CE95DCB00CC3FEE /* ZZTestCollectionViewController.m in Sources */ = {isa = PBXBuildFile; fileRef = 85DA22CC1CE95DCB00CC3FEE /* ZZTestCollectionViewController.m */; };
		85DA22D21CE9F5A600CC3FEE /* b2科目一.plist in Resources */ = {isa = PBXBuildFile; fileRef = 85DA22D11CE9F5A600CC3FEE /* b2科目一.plist */; };
		85E2E1D91CED481C003ABBF3 /* ZZSelectionViewController.m in Sources */ = {isa = PBXBuildFile; fileRef = 85E2E1D81CED481C003ABBF3 /* ZZSelectionViewController.m */; };
		85EB5BD91CE7001D00C6BBFE /* main.m in Sources */ = {isa = PBXBuildFile; fileRef = 85EB5BD81CE7001D00C6BBFE /* main.m */; };
		85EB5BDC1CE7001D00C6BBFE /* AppDelegate.m in Sources */ = {isa = PBXBuildFile; fileRef = 85EB5BDB1CE7001D00C6BBFE /* AppDelegate.m */; };
		85EB5BE21CE7001D00C6BBFE /* Main.storyboard in Resources */ = {isa = PBXBuildFile; fileRef = 85EB5BE01CE7001D00C6BBFE /* Main.storyboard */; };
		85EB5BE41CE7001D00C6BBFE /* Assets.xcassets in Resources */ = {isa = PBXBuildFile; fileRef = 85EB5BE31CE7001D00C6BBFE /* Assets.xcassets */; };
		85EB5BE71CE7001D00C6BBFE /* LaunchScreen.storyboard in Resources */ = {isa = PBXBuildFile; fileRef = 85EB5BE51CE7001D00C6BBFE /* LaunchScreen.storyboard */; };
		85EB5BF01CE7018100C6BBFE /* MainViewController.m in Sources */ = {isa = PBXBuildFile; fileRef = 85EB5BEF1CE7018100C6BBFE /* MainViewController.m */; };
		85EB5BFC1CE7073A00C6BBFE /* c2科目一.plist in Resources */ = {isa = PBXBuildFile; fileRef = 85EB5BF81CE7073A00C6BBFE /* c2科目一.plist */; };
		85EB5BFD1CE7073A00C6BBFE /* c1科目一.plist in Resources */ = {isa = PBXBuildFile; fileRef = 85EB5BF91CE7073A00C6BBFE /* c1科目一.plist */; };
		85EB5BFE1CE7073A00C6BBFE /* 科目四.plist in Resources */ = {isa = PBXBuildFile; fileRef = 85EB5BFA1CE7073A00C6BBFE /* 科目四.plist */; };
		85EB5BFF1CE7073A00C6BBFE /* b1科目一.plist in Resources */ = {isa = PBXBuildFile; fileRef = 85EB5BFB1CE7073A00C6BBFE /* b1科目一.plist */; };
/* End PBXBuildFile section */

/* Begin PBXFileReference section */
		857A4DB61CFC305D001DBEFC /* ZZMapViewController.h */ = {isa = PBXFileReference; fileEncoding = 4; lastKnownFileType = sourcecode.c.h; path = ZZMapViewController.h; sourceTree = "<group>"; };
		857A4DB71CFC305D001DBEFC /* ZZMapViewController.m */ = {isa = PBXFileReference; fileEncoding = 4; lastKnownFileType = sourcecode.c.objc; path = ZZMapViewController.m; sourceTree = "<group>"; };
		857A4E431CFC3C45001DBEFC /* ZZWeatherTableViewController.h */ = {isa = PBXFileReference; fileEncoding = 4; lastKnownFileType = sourcecode.c.h; path = ZZWeatherTableViewController.h; sourceTree = "<group>"; };
		857A4E441CFC3C45001DBEFC /* ZZWeatherTableViewController.m */ = {isa = PBXFileReference; fileEncoding = 4; lastKnownFileType = sourcecode.c.objc; path = ZZWeatherTableViewController.m; sourceTree = "<group>"; };
		857A4E481CFC3C45001DBEFC /* MJRefreshAutoFooter.h */ = {isa = PBXFileReference; fileEncoding = 4; lastKnownFileType = sourcecode.c.h; path = MJRefreshAutoFooter.h; sourceTree = "<group>"; };
		857A4E491CFC3C45001DBEFC /* MJRefreshAutoFooter.m */ = {isa = PBXFileReference; fileEncoding = 4; lastKnownFileType = sourcecode.c.objc; path = MJRefreshAutoFooter.m; sourceTree = "<group>"; };
		857A4E4A1CFC3C45001DBEFC /* MJRefreshBackFooter.h */ = {isa = PBXFileReference; fileEncoding = 4; lastKnownFileType = sourcecode.c.h; path = MJRefreshBackFooter.h; sourceTree = "<group>"; };
		857A4E4B1CFC3C45001DBEFC /* MJRefreshBackFooter.m */ = {isa = PBXFileReference; fileEncoding = 4; lastKnownFileType = sourcecode.c.objc; path = MJRefreshBackFooter.m; sourceTree = "<group>"; };
		857A4E4C1CFC3C45001DBEFC /* MJRefreshComponent.h */ = {isa = PBXFileReference; fileEncoding = 4; lastKnownFileType = sourcecode.c.h; path = MJRefreshComponent.h; sourceTree = "<group>"; };
		857A4E4D1CFC3C45001DBEFC /* MJRefreshComponent.m */ = {isa = PBXFileReference; fileEncoding = 4; lastKnownFileType = sourcecode.c.objc; path = MJRefreshComponent.m; sourceTree = "<group>"; };
		857A4E4E1CFC3C45001DBEFC /* MJRefreshFooter.h */ = {isa = PBXFileReference; fileEncoding = 4; lastKnownFileType = sourcecode.c.h; path = MJRefreshFooter.h; sourceTree = "<group>"; };
		857A4E4F1CFC3C45001DBEFC /* MJRefreshFooter.m */ = {isa = PBXFileReference; fileEncoding = 4; lastKnownFileType = sourcecode.c.objc; path = MJRefreshFooter.m; sourceTree = "<group>"; };
		857A4E501CFC3C45001DBEFC /* MJRefreshHeader.h */ = {isa = PBXFileReference; fileEncoding = 4; lastKnownFileType = sourcecode.c.h; path = MJRefreshHeader.h; sourceTree = "<group>"; };
		857A4E511CFC3C45001DBEFC /* MJRefreshHeader.m */ = {isa = PBXFileReference; fileEncoding = 4; lastKnownFileType = sourcecode.c.objc; path = MJRefreshHeader.m; sourceTree = "<group>"; };
		857A4E551CFC3C45001DBEFC /* MJRefreshAutoGifFooter.h */ = {isa = PBXFileReference; fileEncoding = 4; lastKnownFileType = sourcecode.c.h; path = MJRefreshAutoGifFooter.h; sourceTree = "<group>"; };
		857A4E561CFC3C45001DBEFC /* MJRefreshAutoGifFooter.m */ = {isa = PBXFileReference; fileEncoding = 4; lastKnownFileType = sourcecode.c.objc; path = MJRefreshAutoGifFooter.m; sourceTree = "<group>"; };
		857A4E571CFC3C45001DBEFC /* MJRefreshAutoNormalFooter.h */ = {isa = PBXFileReference; fileEncoding = 4; lastKnownFileType = sourcecode.c.h; path = MJRefreshAutoNormalFooter.h; sourceTree = "<group>"; };
		857A4E581CFC3C45001DBEFC /* MJRefreshAutoNormalFooter.m */ = {isa = PBXFileReference; fileEncoding = 4; lastKnownFileType = sourcecode.c.objc; path = MJRefreshAutoNormalFooter.m; sourceTree = "<group>"; };
		857A4E591CFC3C45001DBEFC /* MJRefreshAutoStateFooter.h */ = {isa = PBXFileReference; fileEncoding = 4; lastKnownFileType = sourcecode.c.h; path = MJRefreshAutoStateFooter.h; sourceTree = "<group>"; };
		857A4E5A1CFC3C45001DBEFC /* MJRefreshAutoStateFooter.m */ = {isa = PBXFileReference; fileEncoding = 4; lastKnownFileType = sourcecode.c.objc; path = MJRefreshAutoStateFooter.m; sourceTree = "<group>"; };
		857A4E5C1CFC3C45001DBEFC /* MJRefreshBackGifFooter.h */ = {isa = PBXFileReference; fileEncoding = 4; lastKnownFileType = sourcecode.c.h; path = MJRefreshBackGifFooter.h; sourceTree = "<group>"; };
		857A4E5D1CFC3C45001DBEFC /* MJRefreshBackGifFooter.m */ = {isa = PBXFileReference; fileEncoding = 4; lastKnownFileType = sourcecode.c.objc; path = MJRefreshBackGifFooter.m; sourceTree = "<group>"; };
		857A4E5E1CFC3C45001DBEFC /* MJRefreshBackNormalFooter.h */ = {isa = PBXFileReference; fileEncoding = 4; lastKnownFileType = sourcecode.c.h; path = MJRefreshBackNormalFooter.h; sourceTree = "<group>"; };
		857A4E5F1CFC3C45001DBEFC /* MJRefreshBackNormalFooter.m */ = {isa = PBXFileReference; fileEncoding = 4; lastKnownFileType = sourcecode.c.objc; path = MJRefreshBackNormalFooter.m; sourceTree = "<group>"; };
		857A4E601CFC3C45001DBEFC /* MJRefreshBackStateFooter.h */ = {isa = PBXFileReference; fileEncoding = 4; lastKnownFileType = sourcecode.c.h; path = MJRefreshBackStateFooter.h; sourceTree = "<group>"; };
		857A4E611CFC3C45001DBEFC /* MJRefreshBackStateFooter.m */ = {isa = PBXFileReference; fileEncoding = 4; lastKnownFileType = sourcecode.c.objc; path = MJRefreshBackStateFooter.m; sourceTree = "<group>"; };
		857A4E631CFC3C45001DBEFC /* MJRefreshGifHeader.h */ = {isa = PBXFileReference; fileEncoding = 4; lastKnownFileType = sourcecode.c.h; path = MJRefreshGifHeader.h; sourceTree = "<group>"; };
		857A4E641CFC3C45001DBEFC /* MJRefreshGifHeader.m */ = {isa = PBXFileReference; fileEncoding = 4; lastKnownFileType = sourcecode.c.objc; path = MJRefreshGifHeader.m; sourceTree = "<group>"; };
		857A4E651CFC3C45001DBEFC /* MJRefreshNormalHeader.h */ = {isa = PBXFileReference; fileEncoding = 4; lastKnownFileType = sourcecode.c.h; path = MJRefreshNormalHeader.h; sourceTree = "<group>"; };
		857A4E661CFC3C45001DBEFC /* MJRefreshNormalHeader.m */ = {isa = PBXFileReference; fileEncoding = 4; lastKnownFileType = sourcecode.c.objc; path = MJRefreshNormalHeader.m; sourceTree = "<group>"; };
		857A4E671CFC3C45001DBEFC /* MJRefreshStateHeader.h */ = {isa = PBXFileReference; fileEncoding = 4; lastKnownFileType = sourcecode.c.h; path = MJRefreshStateHeader.h; sourceTree = "<group>"; };
		857A4E681CFC3C45001DBEFC /* MJRefreshStateHeader.m */ = {isa = PBXFileReference; fileEncoding = 4; lastKnownFileType = sourcecode.c.objc; path = MJRefreshStateHeader.m; sourceTree = "<group>"; };
		857A4E691CFC3C45001DBEFC /* MJRefresh.bundle */ = {isa = PBXFileReference; lastKnownFileType = "wrapper.plug-in"; path = MJRefresh.bundle; sourceTree = "<group>"; };
		857A4E6A1CFC3C45001DBEFC /* MJRefresh.h */ = {isa = PBXFileReference; fileEncoding = 4; lastKnownFileType = sourcecode.c.h; path = MJRefresh.h; sourceTree = "<group>"; };
		857A4E6B1CFC3C45001DBEFC /* MJRefreshConst.h */ = {isa = PBXFileReference; fileEncoding = 4; lastKnownFileType = sourcecode.c.h; path = MJRefreshConst.h; sourceTree = "<group>"; };
		857A4E6C1CFC3C45001DBEFC /* MJRefreshConst.m */ = {isa = PBXFileReference; fileEncoding = 4; lastKnownFileType = sourcecode.c.objc; path = MJRefreshConst.m; sourceTree = "<group>"; };
		857A4E6D1CFC3C45001DBEFC /* UIScrollView+MJExtension.h */ = {isa = PBXFileReference; fileEncoding = 4; lastKnownFileType = sourcecode.c.h; path = "UIScrollView+MJExtension.h"; sourceTree = "<group>"; };
		857A4E6E1CFC3C45001DBEFC /* UIScrollView+MJExtension.m */ = {isa = PBXFileReference; fileEncoding = 4; lastKnownFileType = sourcecode.c.objc; path = "UIScrollView+MJExtension.m"; sourceTree = "<group>"; };
		857A4E6F1CFC3C45001DBEFC /* UIScrollView+MJRefresh.h */ = {isa = PBXFileReference; fileEncoding = 4; lastKnownFileType = sourcecode.c.h; path = "UIScrollView+MJRefresh.h"; sourceTree = "<group>"; };
		857A4E701CFC3C45001DBEFC /* UIScrollView+MJRefresh.m */ = {isa = PBXFileReference; fileEncoding = 4; lastKnownFileType = sourcecode.c.objc; path = "UIScrollView+MJRefresh.m"; sourceTree = "<group>"; };
		857A4E711CFC3C45001DBEFC /* UIView+MJExtension.h */ = {isa = PBXFileReference; fileEncoding = 4; lastKnownFileType = sourcecode.c.h; path = "UIView+MJExtension.h"; sourceTree = "<group>"; };
		857A4E721CFC3C45001DBEFC /* UIView+MJExtension.m */ = {isa = PBXFileReference; fileEncoding = 4; lastKnownFileType = sourcecode.c.objc; path = "UIView+MJExtension.m"; sourceTree = "<group>"; };
		857A4E741CFC3C45001DBEFC /* ZZAllData.h */ = {isa = PBXFileReference; fileEncoding = 4; lastKnownFileType = sourcecode.c.h; path = ZZAllData.h; sourceTree = "<group>"; };
		857A4E751CFC3C45001DBEFC /* ZZAllData.m */ = {isa = PBXFileReference; fileEncoding = 4; lastKnownFileType = sourcecode.c.objc; path = ZZAllData.m; sourceTree = "<group>"; };
		857A4E761CFC3C45001DBEFC /* ZZAqi.h */ = {isa = PBXFileReference; fileEncoding = 4; lastKnownFileType = sourcecode.c.h; path = ZZAqi.h; sourceTree = "<group>"; };
		857A4E771CFC3C45001DBEFC /* ZZAqi.m */ = {isa = PBXFileReference; fileEncoding = 4; lastKnownFileType = sourcecode.c.objc; path = ZZAqi.m; sourceTree = "<group>"; };
		857A4E781CFC3C45001DBEFC /* ZZdaliy.h */ = {isa = PBXFileReference; fileEncoding = 4; lastKnownFileType = sourcecode.c.h; path = ZZdaliy.h; sourceTree = "<group>"; };
		857A4E791CFC3C45001DBEFC /* ZZdaliy.m */ = {isa = PBXFileReference; fileEncoding = 4; lastKnownFileType = sourcecode.c.objc; path = ZZdaliy.m; sourceTree = "<group>"; };
		857A4E7A1CFC3C45001DBEFC /* ZZDataTool.h */ = {isa = PBXFileReference; fileEncoding = 4; lastKnownFileType = sourcecode.c.h; path = ZZDataTool.h; sourceTree = "<group>"; };
		857A4E7B1CFC3C45001DBEFC /* ZZDataTool.m */ = {isa = PBXFileReference; fileEncoding = 4; lastKnownFileType = sourcecode.c.objc; path = ZZDataTool.m; sourceTree = "<group>"; };
		857A4E7C1CFC3C45001DBEFC /* ZZNow.h */ = {isa = PBXFileReference; fileEncoding = 4; lastKnownFileType = sourcecode.c.h; path = ZZNow.h; sourceTree = "<group>"; };
		857A4E7D1CFC3C45001DBEFC /* ZZNow.m */ = {isa = PBXFileReference; fileEncoding = 4; lastKnownFileType = sourcecode.c.objc; path = ZZNow.m; sourceTree = "<group>"; };
		857A4E7E1CFC3C45001DBEFC /* ZZSuggestion.h */ = {isa = PBXFileReference; fileEncoding = 4; lastKnownFileType = sourcecode.c.h; path = ZZSuggestion.h; sourceTree = "<group>"; };
		857A4E7F1CFC3C45001DBEFC /* ZZSuggestion.m */ = {isa = PBXFileReference; fileEncoding = 4; lastKnownFileType = sourcecode.c.objc; path = ZZSuggestion.m; sourceTree = "<group>"; };
		857A4E811CFC3C45001DBEFC /* cityNumber.plist */ = {isa = PBXFileReference; fileEncoding = 4; lastKnownFileType = text.plist.xml; path = cityNumber.plist; sourceTree = "<group>"; };
		857A4E821CFC3C45001DBEFC /* tempWeather.plist */ = {isa = PBXFileReference; fileEncoding = 4; lastKnownFileType = text.plist.xml; path = tempWeather.plist; sourceTree = "<group>"; };
		857A4E831CFC3C45001DBEFC /* rain.png */ = {isa = PBXFileReference; lastKnownFileType = image.png; path = rain.png; sourceTree = "<group>"; };
		857A4E841CFC3C45001DBEFC /* cloud.png */ = {isa = PBXFileReference; lastKnownFileType = image.png; path = cloud.png; sourceTree = "<group>"; };
		857A4E851CFC3C45001DBEFC /* sunny.png */ = {isa = PBXFileReference; lastKnownFileType = image.png; path = sunny.png; sourceTree = "<group>"; };
		857A4E871CFC3C45001DBEFC /* ZZNetServer.h */ = {isa = PBXFileReference; fileEncoding = 4; lastKnownFileType = sourcecode.c.h; path = ZZNetServer.h; sourceTree = "<group>"; };
		857A4E881CFC3C45001DBEFC /* ZZNetServer.m */ = {isa = PBXFileReference; fileEncoding = 4; lastKnownFileType = sourcecode.c.objc; path = ZZNetServer.m; sourceTree = "<group>"; };
		857A4E8A1CFC3C45001DBEFC /* ZZDailyTableViewCell.h */ = {isa = PBXFileReference; fileEncoding = 4; lastKnownFileType = sourcecode.c.h; path = ZZDailyTableViewCell.h; sourceTree = "<group>"; };
		857A4E8B1CFC3C45001DBEFC /* ZZDailyTableViewCell.m */ = {isa = PBXFileReference; fileEncoding = 4; lastKnownFileType = sourcecode.c.objc; path = ZZDailyTableViewCell.m; sourceTree = "<group>"; };
		857A4E8C1CFC3C45001DBEFC /* ZZDailyView.h */ = {isa = PBXFileReference; fileEncoding = 4; lastKnownFileType = sourcecode.c.h; path = ZZDailyView.h; sourceTree = "<group>"; };
		857A4E8D1CFC3C45001DBEFC /* ZZDailyView.m */ = {isa = PBXFileReference; fileEncoding = 4; lastKnownFileType = sourcecode.c.objc; path = ZZDailyView.m; sourceTree = "<group>"; };
		857A4E8E1CFC3C45001DBEFC /* ZZDailyView.xib */ = {isa = PBXFileReference; fileEncoding = 4; lastKnownFileType = file.xib; path = ZZDailyView.xib; sourceTree = "<group>"; };
		857A4E8F1CFC3C45001DBEFC /* ZZHeadView.h */ = {isa = PBXFileReference; fileEncoding = 4; lastKnownFileType = sourcecode.c.h; path = ZZHeadView.h; sourceTree = "<group>"; };
		857A4E901CFC3C45001DBEFC /* ZZHeadView.m */ = {isa = PBXFileReference; fileEncoding = 4; lastKnownFileType = sourcecode.c.objc; path = ZZHeadView.m; sourceTree = "<group>"; };
		857A4E911CFC3C45001DBEFC /* ZZHeadView.xib */ = {isa = PBXFileReference; fileEncoding = 4; lastKnownFileType = file.xib; path = ZZHeadView.xib; sourceTree = "<group>"; };
		857A4E921CFC3C45001DBEFC /* ZZLabel.h */ = {isa = PBXFileReference; fileEncoding = 4; lastKnownFileType = sourcecode.c.h; path = ZZLabel.h; sourceTree = "<group>"; };
		857A4E931CFC3C45001DBEFC /* ZZLabel.m */ = {isa = PBXFileReference; fileEncoding = 4; lastKnownFileType = sourcecode.c.objc; path = ZZLabel.m; sourceTree = "<group>"; };
		857A4E941CFC3C45001DBEFC /* ZZNowTableViewCell.h */ = {isa = PBXFileReference; fileEncoding = 4; lastKnownFileType = sourcecode.c.h; path = ZZNowTableViewCell.h; sourceTree = "<group>"; };
		857A4E951CFC3C45001DBEFC /* ZZNowTableViewCell.m */ = {isa = PBXFileReference; fileEncoding = 4; lastKnownFileType = sourcecode.c.objc; path = ZZNowTableViewCell.m; sourceTree = "<group>"; };
		857A4E961CFC3C45001DBEFC /* ZZNowTableViewCell.xib */ = {isa = PBXFileReference; fileEncoding = 4; lastKnownFileType = file.xib; path = ZZNowTableViewCell.xib; sourceTree = "<group>"; };
		857A4E971CFC3C45001DBEFC /* ZZStaticData.h */ = {isa = PBXFileReference; fileEncoding = 4; lastKnownFileType = sourcecode.c.h; path = ZZStaticData.h; sourceTree = "<group>"; };
		857A4E981CFC3C45001DBEFC /* ZZStaticData.m */ = {isa = PBXFileReference; fileEncoding = 4; lastKnownFileType = sourcecode.c.objc; path = ZZStaticData.m; sourceTree = "<group>"; };
		857A4E991CFC3C45001DBEFC /* ZZSuggestionTableViewCell.h */ = {isa = PBXFileReference; fileEncoding = 4; lastKnownFileType = sourcecode.c.h; path = ZZSuggestionTableViewCell.h; sourceTree = "<group>"; };
		857A4E9A1CFC3C45001DBEFC /* ZZSuggestionTableViewCell.m */ = {isa = PBXFileReference; fileEncoding = 4; lastKnownFileType = sourcecode.c.objc; path = ZZSuggestionTableViewCell.m; sourceTree = "<group>"; };
		857A4E9B1CFC3C45001DBEFC /* ZZSuggestionTableViewCell.xib */ = {isa = PBXFileReference; fileEncoding = 4; lastKnownFileType = file.xib; path = ZZSuggestionTableViewCell.xib; sourceTree = "<group>"; };
		857A4E9C1CFC3C45001DBEFC /* ZZTodayHead.h */ = {isa = PBXFileReference; fileEncoding = 4; lastKnownFileType = sourcecode.c.h; path = ZZTodayHead.h; sourceTree = "<group>"; };
		857A4E9D1CFC3C45001DBEFC /* ZZTodayHead.m */ = {isa = PBXFileReference; fileEncoding = 4; lastKnownFileType = sourcecode.c.objc; path = ZZTodayHead.m; sourceTree = "<group>"; };
		857A4E9E1CFC3C45001DBEFC /* ZZTodayHead.xib */ = {isa = PBXFileReference; fileEncoding = 4; lastKnownFileType = file.xib; path = ZZTodayHead.xib; sourceTree = "<group>"; };
		859F4FDB1CE70C2900838301 /* ZZManeger.h */ = {isa = PBXFileReference; fileEncoding = 4; lastKnownFileType = sourcecode.c.h; path = ZZManeger.h; sourceTree = "<group>"; };
		859F4FDC1CE70C2900838301 /* ZZManeger.m */ = {isa = PBXFileReference; fileEncoding = 4; lastKnownFileType = sourcecode.c.objc; path = ZZManeger.m; sourceTree = "<group>"; };
		859F4FED1CE7155800838301 /* ZZResult.h */ = {isa = PBXFileReference; fileEncoding = 4; lastKnownFileType = sourcecode.c.h; path = ZZResult.h; sourceTree = "<group>"; };
		859F4FEE1CE7155800838301 /* ZZResult.m */ = {isa = PBXFileReference; fileEncoding = 4; lastKnownFileType = sourcecode.c.objc; path = ZZResult.m; sourceTree = "<group>"; };
		859F4FF01CE716B800838301 /* ZZAllCollectionViewController.h */ = {isa = PBXFileReference; fileEncoding = 4; lastKnownFileType = sourcecode.c.h; path = ZZAllCollectionViewController.h; sourceTree = "<group>"; };
		859F4FF11CE716B800838301 /* ZZAllCollectionViewController.m */ = {isa = PBXFileReference; fileEncoding = 4; lastKnownFileType = sourcecode.c.objc; path = ZZAllCollectionViewController.m; sourceTree = "<group>"; };
		859F4FF31CE7184000838301 /* ZZCell.h */ = {isa = PBXFileReference; fileEncoding = 4; lastKnownFileType = sourcecode.c.h; path = ZZCell.h; sourceTree = "<group>"; };
		859F4FF41CE7184000838301 /* ZZCell.m */ = {isa = PBXFileReference; fileEncoding = 4; lastKnownFileType = sourcecode.c.objc; path = ZZCell.m; sourceTree = "<group>"; };
		859F4FF51CE7184000838301 /* ZZCell.xib */ = {isa = PBXFileReference; fileEncoding = 4; lastKnownFileType = file.xib; path = ZZCell.xib; sourceTree = "<group>"; };
		859F4FF81CE7187D00838301 /* ZZLayout.h */ = {isa = PBXFileReference; fileEncoding = 4; lastKnownFileType = sourcecode.c.h; path = ZZLayout.h; sourceTree = "<group>"; };
		859F4FF91CE7187D00838301 /* ZZLayout.m */ = {isa = PBXFileReference; fileEncoding = 4; lastKnownFileType = sourcecode.c.objc; path = ZZLayout.m; sourceTree = "<group>"; };
		85AACEB71CEBF1F0004F0190 /* ZZCellContentState.h */ = {isa = PBXFileReference; fileEncoding = 4; lastKnownFileType = sourcecode.c.h; path = ZZCellContentState.h; sourceTree = "<group>"; };
		85AACEB81CEBF1F0004F0190 /* ZZCellContentState.m */ = {isa = PBXFileReference; fileEncoding = 4; lastKnownFileType = sourcecode.c.objc; path = ZZCellContentState.m; sourceTree = "<group>"; };
		85AACEBA1CEC0E4F004F0190 /* ZZCellStateArray.h */ = {isa = PBXFileReference; fileEncoding = 4; lastKnownFileType = sourcecode.c.h; path = ZZCellStateArray.h; sourceTree = "<group>"; };
		85AACEBB1CEC0E4F004F0190 /* ZZCellStateArray.m */ = {isa = PBXFileReference; fileEncoding = 4; lastKnownFileType = sourcecode.c.objc; path = ZZCellStateArray.m; sourceTree = "<group>"; };
		85B130421CEDD85C0026E8D7 /* ZZTabBarViewController.h */ = {isa = PBXFileReference; fileEncoding = 4; lastKnownFileType = sourcecode.c.h; path = ZZTabBarViewController.h; sourceTree = "<group>"; };
		85B130431CEDD85C0026E8D7 /* ZZTabBarViewController.m */ = {isa = PBXFileReference; fileEncoding = 4; lastKnownFileType = sourcecode.c.objc; path = ZZTabBarViewController.m; sourceTree = "<group>"; };
		85B130451CEDDB280026E8D7 /* ZZNaviViewController.h */ = {isa = PBXFileReference; fileEncoding = 4; lastKnownFileType = sourcecode.c.h; path = ZZNaviViewController.h; sourceTree = "<group>"; };
		85B130461CEDDB280026E8D7 /* ZZNaviViewController.m */ = {isa = PBXFileReference; fileEncoding = 4; lastKnownFileType = sourcecode.c.objc; path = ZZNaviViewController.m; sourceTree = "<group>"; };
		85DA229A1CE959E900CC3FEE /* MKAnnotationView+WebCache.h */ = {isa = PBXFileReference; fileEncoding = 4; lastKnownFileType = sourcecode.c.h; path = "MKAnnotationView+WebCache.h"; sourceTree = "<group>"; };
		85DA229B1CE959E900CC3FEE /* MKAnnotationView+WebCache.m */ = {isa = PBXFileReference; fileEncoding = 4; lastKnownFileType = sourcecode.c.objc; path = "MKAnnotationView+WebCache.m"; sourceTree = "<group>"; };
		85DA229C1CE959E900CC3FEE /* NSData+ImageContentType.h */ = {isa = PBXFileReference; fileEncoding = 4; lastKnownFileType = sourcecode.c.h; path = "NSData+ImageContentType.h"; sourceTree = "<group>"; };
		85DA229D1CE959E900CC3FEE /* NSData+ImageContentType.m */ = {isa = PBXFileReference; fileEncoding = 4; lastKnownFileType = sourcecode.c.objc; path = "NSData+ImageContentType.m"; sourceTree = "<group>"; };
		85DA229E1CE959E900CC3FEE /* SDImageCache.h */ = {isa = PBXFileReference; fileEncoding = 4; lastKnownFileType = sourcecode.c.h; path = SDImageCache.h; sourceTree = "<group>"; };
		85DA229F1CE959E900CC3FEE /* SDImageCache.m */ = {isa = PBXFileReference; fileEncoding = 4; lastKnownFileType = sourcecode.c.objc; path = SDImageCache.m; sourceTree = "<group>"; };
		85DA22A01CE959E900CC3FEE /* SDWebImageCompat.h */ = {isa = PBXFileReference; fileEncoding = 4; lastKnownFileType = sourcecode.c.h; path = SDWebImageCompat.h; sourceTree = "<group>"; };
		85DA22A11CE959E900CC3FEE /* SDWebImageCompat.m */ = {isa = PBXFileReference; fileEncoding = 4; lastKnownFileType = sourcecode.c.objc; path = SDWebImageCompat.m; sourceTree = "<group>"; };
		85DA22A21CE959E900CC3FEE /* SDWebImageDecoder.h */ = {isa = PBXFileReference; fileEncoding = 4; lastKnownFileType = sourcecode.c.h; path = SDWebImageDecoder.h; sourceTree = "<group>"; };
		85DA22A31CE959E900CC3FEE /* SDWebImageDecoder.m */ = {isa = PBXFileReference; fileEncoding = 4; lastKnownFileType = sourcecode.c.objc; path = SDWebImageDecoder.m; sourceTree = "<group>"; };
		85DA22A41CE959E900CC3FEE /* SDWebImageDownloader.h */ = {isa = PBXFileReference; fileEncoding = 4; lastKnownFileType = sourcecode.c.h; path = SDWebImageDownloader.h; sourceTree = "<group>"; };
		85DA22A51CE959E900CC3FEE /* SDWebImageDownloader.m */ = {isa = PBXFileReference; fileEncoding = 4; lastKnownFileType = sourcecode.c.objc; path = SDWebImageDownloader.m; sourceTree = "<group>"; };
		85DA22A61CE959E900CC3FEE /* SDWebImageDownloaderOperation.h */ = {isa = PBXFileReference; fileEncoding = 4; lastKnownFileType = sourcecode.c.h; path = SDWebImageDownloaderOperation.h; sourceTree = "<group>"; };
		85DA22A71CE959E900CC3FEE /* SDWebImageDownloaderOperation.m */ = {isa = PBXFileReference; fileEncoding = 4; lastKnownFileType = sourcecode.c.objc; path = SDWebImageDownloaderOperation.m; sourceTree = "<group>"; };
		85DA22A81CE959E900CC3FEE /* SDWebImageManager.h */ = {isa = PBXFileReference; fileEncoding = 4; lastKnownFileType = sourcecode.c.h; path = SDWebImageManager.h; sourceTree = "<group>"; };
		85DA22A91CE959E900CC3FEE /* SDWebImageManager.m */ = {isa = PBXFileReference; fileEncoding = 4; lastKnownFileType = sourcecode.c.objc; path = SDWebImageManager.m; sourceTree = "<group>"; };
		85DA22AA1CE959E900CC3FEE /* SDWebImageOperation.h */ = {isa = PBXFileReference; fileEncoding = 4; lastKnownFileType = sourcecode.c.h; path = SDWebImageOperation.h; sourceTree = "<group>"; };
		85DA22AB1CE959E900CC3FEE /* SDWebImagePrefetcher.h */ = {isa = PBXFileReference; fileEncoding = 4; lastKnownFileType = sourcecode.c.h; path = SDWebImagePrefetcher.h; sourceTree = "<group>"; };
		85DA22AC1CE959E900CC3FEE /* SDWebImagePrefetcher.m */ = {isa = PBXFileReference; fileEncoding = 4; lastKnownFileType = sourcecode.c.objc; path = SDWebImagePrefetcher.m; sourceTree = "<group>"; };
		85DA22AD1CE959E900CC3FEE /* UIButton+WebCache.h */ = {isa = PBXFileReference; fileEncoding = 4; lastKnownFileType = sourcecode.c.h; path = "UIButton+WebCache.h"; sourceTree = "<group>"; };
		85DA22AE1CE959E900CC3FEE /* UIButton+WebCache.m */ = {isa = PBXFileReference; fileEncoding = 4; lastKnownFileType = sourcecode.c.objc; path = "UIButton+WebCache.m"; sourceTree = "<group>"; };
		85DA22AF1CE959E900CC3FEE /* UIImage+GIF.h */ = {isa = PBXFileReference; fileEncoding = 4; lastKnownFileType = sourcecode.c.h; path = "UIImage+GIF.h"; sourceTree = "<group>"; };
		85DA22B01CE959E900CC3FEE /* UIImage+GIF.m */ = {isa = PBXFileReference; fileEncoding = 4; lastKnownFileType = sourcecode.c.objc; path = "UIImage+GIF.m"; sourceTree = "<group>"; };
		85DA22B11CE959E900CC3FEE /* UIImage+MultiFormat.h */ = {isa = PBXFileReference; fileEncoding = 4; lastKnownFileType = sourcecode.c.h; path = "UIImage+MultiFormat.h"; sourceTree = "<group>"; };
		85DA22B21CE959E900CC3FEE /* UIImage+MultiFormat.m */ = {isa = PBXFileReference; fileEncoding = 4; lastKnownFileType = sourcecode.c.objc; path = "UIImage+MultiFormat.m"; sourceTree = "<group>"; };
		85DA22B31CE959E900CC3FEE /* UIImage+WebP.h */ = {isa = PBXFileReference; fileEncoding = 4; lastKnownFileType = sourcecode.c.h; path = "UIImage+WebP.h"; sourceTree = "<group>"; };
		85DA22B41CE959E900CC3FEE /* UIImage+WebP.m */ = {isa = PBXFileReference; fileEncoding = 4; lastKnownFileType = sourcecode.c.objc; path = "UIImage+WebP.m"; sourceTree = "<group>"; };
		85DA22B51CE959E900CC3FEE /* UIImageView+HighlightedWebCache.h */ = {isa = PBXFileReference; fileEncoding = 4; lastKnownFileType = sourcecode.c.h; path = "UIImageView+HighlightedWebCache.h"; sourceTree = "<group>"; };
		85DA22B61CE959E900CC3FEE /* UIImageView+HighlightedWebCache.m */ = {isa = PBXFileReference; fileEncoding = 4; lastKnownFileType = sourcecode.c.objc; path = "UIImageView+HighlightedWebCache.m"; sourceTree = "<group>"; };
		85DA22B71CE959E900CC3FEE /* UIImageView+WebCache.h */ = {isa = PBXFileReference; fileEncoding = 4; lastKnownFileType = sourcecode.c.h; path = "UIImageView+WebCache.h"; sourceTree = "<group>"; };
		85DA22B81CE959E900CC3FEE /* UIImageView+WebCache.m */ = {isa = PBXFileReference; fileEncoding = 4; lastKnownFileType = sourcecode.c.objc; path = "UIImageView+WebCache.m"; sourceTree = "<group>"; };
		85DA22B91CE959E900CC3FEE /* UIView+WebCacheOperation.h */ = {isa = PBXFileReference; fileEncoding = 4; lastKnownFileType = sourcecode.c.h; path = "UIView+WebCacheOperation.h"; sourceTree = "<group>"; };
		85DA22BA1CE959E900CC3FEE /* UIView+WebCacheOperation.m */ = {isa = PBXFileReference; fileEncoding = 4; lastKnownFileType = sourcecode.c.objc; path = "UIView+WebCacheOperation.m"; sourceTree = "<group>"; };
		85DA22CB1CE95DCB00CC3FEE /* ZZTestCollectionViewController.h */ = {isa = PBXFileReference; fileEncoding = 4; lastKnownFileType = sourcecode.c.h; path = ZZTestCollectionViewController.h; sourceTree = "<group>"; };
		85DA22CC1CE95DCB00CC3FEE /* ZZTestCollectionViewController.m */ = {isa = PBXFileReference; fileEncoding = 4; lastKnownFileType = sourcecode.c.objc; path = ZZTestCollectionViewController.m; sourceTree = "<group>"; };
		85DA22D11CE9F5A600CC3FEE /* b2科目一.plist */ = {isa = PBXFileReference; fileEncoding = 4; lastKnownFileType = text.plist.xml; path = "b2科目一.plist"; sourceTree = "<group>"; };
		85E2E1D71CED481C003ABBF3 /* ZZSelectionViewController.h */ = {isa = PBXFileReference; fileEncoding = 4; lastKnownFileType = sourcecode.c.h; path = ZZSelectionViewController.h; sourceTree = "<group>"; };
		85E2E1D81CED481C003ABBF3 /* ZZSelectionViewController.m */ = {isa = PBXFileReference; fileEncoding = 4; lastKnownFileType = sourcecode.c.objc; path = ZZSelectionViewController.m; sourceTree = "<group>"; };
		85EB5BD41CE7001D00C6BBFE /* 驾照通.app */ = {isa = PBXFileReference; explicitFileType = wrapper.application; includeInIndex = 0; path = "驾照通.app"; sourceTree = BUILT_PRODUCTS_DIR; };
		85EB5BD81CE7001D00C6BBFE /* main.m */ = {isa = PBXFileReference; lastKnownFileType = sourcecode.c.objc; path = main.m; sourceTree = "<group>"; };
		85EB5BDA1CE7001D00C6BBFE /* AppDelegate.h */ = {isa = PBXFileReference; lastKnownFileType = sourcecode.c.h; path = AppDelegate.h; sourceTree = "<group>"; };
		85EB5BDB1CE7001D00C6BBFE /* AppDelegate.m */ = {isa = PBXFileReference; lastKnownFileType = sourcecode.c.objc; path = AppDelegate.m; sourceTree = "<group>"; };
		85EB5BE11CE7001D00C6BBFE /* Base */ = {isa = PBXFileReference; lastKnownFileType = file.storyboard; name = Base; path = Base.lproj/Main.storyboard; sourceTree = "<group>"; };
		85EB5BE31CE7001D00C6BBFE /* Assets.xcassets */ = {isa = PBXFileReference; lastKnownFileType = folder.assetcatalog; path = Assets.xcassets; sourceTree = "<group>"; };
		85EB5BE61CE7001D00C6BBFE /* Base */ = {isa = PBXFileReference; lastKnownFileType = file.storyboard; name = Base; path = Base.lproj/LaunchScreen.storyboard; sourceTree = "<group>"; };
		85EB5BE81CE7001D00C6BBFE /* Info.plist */ = {isa = PBXFileReference; lastKnownFileType = text.plist.xml; path = Info.plist; sourceTree = "<group>"; };
		85EB5BEE1CE7018100C6BBFE /* MainViewController.h */ = {isa = PBXFileReference; fileEncoding = 4; lastKnownFileType = sourcecode.c.h; path = MainViewController.h; sourceTree = "<group>"; };
		85EB5BEF1CE7018100C6BBFE /* MainViewController.m */ = {isa = PBXFileReference; fileEncoding = 4; lastKnownFileType = sourcecode.c.objc; path = MainViewController.m; sourceTree = "<group>"; };
		85EB5BF81CE7073A00C6BBFE /* c2科目一.plist */ = {isa = PBXFileReference; fileEncoding = 4; lastKnownFileType = text.plist.xml; path = "c2科目一.plist"; sourceTree = "<group>"; };
		85EB5BF91CE7073A00C6BBFE /* c1科目一.plist */ = {isa = PBXFileReference; fileEncoding = 4; lastKnownFileType = text.plist.xml; path = "c1科目一.plist"; sourceTree = "<group>"; };
		85EB5BFA1CE7073A00C6BBFE /* 科目四.plist */ = {isa = PBXFileReference; fileEncoding = 4; lastKnownFileType = text.plist.xml; path = "科目四.plist"; sourceTree = "<group>"; };
		85EB5BFB1CE7073A00C6BBFE /* b1科目一.plist */ = {isa = PBXFileReference; fileEncoding = 4; lastKnownFileType = text.plist.xml; path = "b1科目一.plist"; sourceTree = "<group>"; };
/* End PBXFileReference section */

/* Begin PBXFrameworksBuildPhase section */
		85EB5BD11CE7001D00C6BBFE /* Frameworks */ = {
			isa = PBXFrameworksBuildPhase;
			buildActionMask = 2147483647;
			files = (
			);
			runOnlyForDeploymentPostprocessing = 0;
		};
/* End PBXFrameworksBuildPhase section */

/* Begin PBXGroup section */
		857A4DB41CFC3035001DBEFC /* 地图界面 */ = {
			isa = PBXGroup;
			children = (
				857A4DB61CFC305D001DBEFC /* ZZMapViewController.h */,
				857A4DB71CFC305D001DBEFC /* ZZMapViewController.m */,
			);
			name = "地图界面";
			sourceTree = "<group>";
		};
		857A4DB51CFC3046001DBEFC /* 天气界面 */ = {
			isa = PBXGroup;
			children = (
				857A4E411CFC3C45001DBEFC /* Weather 2 */,
			);
			name = "天气界面";
			sourceTree = "<group>";
		};
		857A4E411CFC3C45001DBEFC /* Weather 2 */ = {
			isa = PBXGroup;
			children = (
				857A4E421CFC3C45001DBEFC /* Controllers */,
				857A4E451CFC3C45001DBEFC /* Libs */,
				857A4E731CFC3C45001DBEFC /* Models */,
				857A4E801CFC3C45001DBEFC /* Sourse */,
				857A4E861CFC3C45001DBEFC /* Tools */,
				857A4E891CFC3C45001DBEFC /* Views */,
			);
			path = "Weather 2";
			sourceTree = "<group>";
		};
		857A4E421CFC3C45001DBEFC /* Controllers */ = {
			isa = PBXGroup;
			children = (
				857A4E431CFC3C45001DBEFC /* ZZWeatherTableViewController.h */,
				857A4E441CFC3C45001DBEFC /* ZZWeatherTableViewController.m */,
			);
			path = Controllers;
			sourceTree = "<group>";
		};
		857A4E451CFC3C45001DBEFC /* Libs */ = {
			isa = PBXGroup;
			children = (
				857A4E461CFC3C45001DBEFC /* MJRefresh */,
			);
			path = Libs;
			sourceTree = "<group>";
		};
		857A4E461CFC3C45001DBEFC /* MJRefresh */ = {
			isa = PBXGroup;
			children = (
				857A4E471CFC3C45001DBEFC /* Base */,
				857A4E521CFC3C45001DBEFC /* Custom */,
				857A4E691CFC3C45001DBEFC /* MJRefresh.bundle */,
				857A4E6A1CFC3C45001DBEFC /* MJRefresh.h */,
				857A4E6B1CFC3C45001DBEFC /* MJRefreshConst.h */,
				857A4E6C1CFC3C45001DBEFC /* MJRefreshConst.m */,
				857A4E6D1CFC3C45001DBEFC /* UIScrollView+MJExtension.h */,
				857A4E6E1CFC3C45001DBEFC /* UIScrollView+MJExtension.m */,
				857A4E6F1CFC3C45001DBEFC /* UIScrollView+MJRefresh.h */,
				857A4E701CFC3C45001DBEFC /* UIScrollView+MJRefresh.m */,
				857A4E711CFC3C45001DBEFC /* UIView+MJExtension.h */,
				857A4E721CFC3C45001DBEFC /* UIView+MJExtension.m */,
			);
			path = MJRefresh;
			sourceTree = "<group>";
		};
		857A4E471CFC3C45001DBEFC /* Base */ = {
			isa = PBXGroup;
			children = (
				857A4E481CFC3C45001DBEFC /* MJRefreshAutoFooter.h */,
				857A4E491CFC3C45001DBEFC /* MJRefreshAutoFooter.m */,
				857A4E4A1CFC3C45001DBEFC /* MJRefreshBackFooter.h */,
				857A4E4B1CFC3C45001DBEFC /* MJRefreshBackFooter.m */,
				857A4E4C1CFC3C45001DBEFC /* MJRefreshComponent.h */,
				857A4E4D1CFC3C45001DBEFC /* MJRefreshComponent.m */,
				857A4E4E1CFC3C45001DBEFC /* MJRefreshFooter.h */,
				857A4E4F1CFC3C45001DBEFC /* MJRefreshFooter.m */,
				857A4E501CFC3C45001DBEFC /* MJRefreshHeader.h */,
				857A4E511CFC3C45001DBEFC /* MJRefreshHeader.m */,
			);
			path = Base;
			sourceTree = "<group>";
		};
		857A4E521CFC3C45001DBEFC /* Custom */ = {
			isa = PBXGroup;
			children = (
				857A4E531CFC3C45001DBEFC /* Footer */,
				857A4E621CFC3C45001DBEFC /* Header */,
			);
			path = Custom;
			sourceTree = "<group>";
		};
		857A4E531CFC3C45001DBEFC /* Footer */ = {
			isa = PBXGroup;
			children = (
				857A4E541CFC3C45001DBEFC /* Auto */,
				857A4E5B1CFC3C45001DBEFC /* Back */,
			);
			path = Footer;
			sourceTree = "<group>";
		};
		857A4E541CFC3C45001DBEFC /* Auto */ = {
			isa = PBXGroup;
			children = (
				857A4E551CFC3C45001DBEFC /* MJRefreshAutoGifFooter.h */,
				857A4E561CFC3C45001DBEFC /* MJRefreshAutoGifFooter.m */,
				857A4E571CFC3C45001DBEFC /* MJRefreshAutoNormalFooter.h */,
				857A4E581CFC3C45001DBEFC /* MJRefreshAutoNormalFooter.m */,
				857A4E591CFC3C45001DBEFC /* MJRefreshAutoStateFooter.h */,
				857A4E5A1CFC3C45001DBEFC /* MJRefreshAutoStateFooter.m */,
			);
			path = Auto;
			sourceTree = "<group>";
		};
		857A4E5B1CFC3C45001DBEFC /* Back */ = {
			isa = PBXGroup;
			children = (
				857A4E5C1CFC3C45001DBEFC /* MJRefreshBackGifFooter.h */,
				857A4E5D1CFC3C45001DBEFC /* MJRefreshBackGifFooter.m */,
				857A4E5E1CFC3C45001DBEFC /* MJRefreshBackNormalFooter.h */,
				857A4E5F1CFC3C45001DBEFC /* MJRefreshBackNormalFooter.m */,
				857A4E601CFC3C45001DBEFC /* MJRefreshBackStateFooter.h */,
				857A4E611CFC3C45001DBEFC /* MJRefreshBackStateFooter.m */,
			);
			path = Back;
			sourceTree = "<group>";
		};
		857A4E621CFC3C45001DBEFC /* Header */ = {
			isa = PBXGroup;
			children = (
				857A4E631CFC3C45001DBEFC /* MJRefreshGifHeader.h */,
				857A4E641CFC3C45001DBEFC /* MJRefreshGifHeader.m */,
				857A4E651CFC3C45001DBEFC /* MJRefreshNormalHeader.h */,
				857A4E661CFC3C45001DBEFC /* MJRefreshNormalHeader.m */,
				857A4E671CFC3C45001DBEFC /* MJRefreshStateHeader.h */,
				857A4E681CFC3C45001DBEFC /* MJRefreshStateHeader.m */,
			);
			path = Header;
			sourceTree = "<group>";
		};
		857A4E731CFC3C45001DBEFC /* Models */ = {
			isa = PBXGroup;
			children = (
				857A4E741CFC3C45001DBEFC /* ZZAllData.h */,
				857A4E751CFC3C45001DBEFC /* ZZAllData.m */,
				857A4E761CFC3C45001DBEFC /* ZZAqi.h */,
				857A4E771CFC3C45001DBEFC /* ZZAqi.m */,
				857A4E781CFC3C45001DBEFC /* ZZdaliy.h */,
				857A4E791CFC3C45001DBEFC /* ZZdaliy.m */,
				857A4E7A1CFC3C45001DBEFC /* ZZDataTool.h */,
				857A4E7B1CFC3C45001DBEFC /* ZZDataTool.m */,
				857A4E7C1CFC3C45001DBEFC /* ZZNow.h */,
				857A4E7D1CFC3C45001DBEFC /* ZZNow.m */,
				857A4E7E1CFC3C45001DBEFC /* ZZSuggestion.h */,
				857A4E7F1CFC3C45001DBEFC /* ZZSuggestion.m */,
			);
			path = Models;
			sourceTree = "<group>";
		};
		857A4E801CFC3C45001DBEFC /* Sourse */ = {
			isa = PBXGroup;
			children = (
				857A4E811CFC3C45001DBEFC /* cityNumber.plist */,
				857A4E821CFC3C45001DBEFC /* tempWeather.plist */,
				857A4E831CFC3C45001DBEFC /* rain.png */,
				857A4E841CFC3C45001DBEFC /* cloud.png */,
				857A4E851CFC3C45001DBEFC /* sunny.png */,
			);
			path = Sourse;
			sourceTree = "<group>";
		};
		857A4E861CFC3C45001DBEFC /* Tools */ = {
			isa = PBXGroup;
			children = (
				857A4E871CFC3C45001DBEFC /* ZZNetServer.h */,
				857A4E881CFC3C45001DBEFC /* ZZNetServer.m */,
			);
			path = Tools;
			sourceTree = "<group>";
		};
		857A4E891CFC3C45001DBEFC /* Views */ = {
			isa = PBXGroup;
			children = (
				857A4E8A1CFC3C45001DBEFC /* ZZDailyTableViewCell.h */,
				857A4E8B1CFC3C45001DBEFC /* ZZDailyTableViewCell.m */,
				857A4E8C1CFC3C45001DBEFC /* ZZDailyView.h */,
				857A4E8D1CFC3C45001DBEFC /* ZZDailyView.m */,
				857A4E8E1CFC3C45001DBEFC /* ZZDailyView.xib */,
				857A4E8F1CFC3C45001DBEFC /* ZZHeadView.h */,
				857A4E901CFC3C45001DBEFC /* ZZHeadView.m */,
				857A4E911CFC3C45001DBEFC /* ZZHeadView.xib */,
				857A4E921CFC3C45001DBEFC /* ZZLabel.h */,
				857A4E931CFC3C45001DBEFC /* ZZLabel.m */,
				857A4E941CFC3C45001DBEFC /* ZZNowTableViewCell.h */,
				857A4E951CFC3C45001DBEFC /* ZZNowTableViewCell.m */,
				857A4E961CFC3C45001DBEFC /* ZZNowTableViewCell.xib */,
				857A4E971CFC3C45001DBEFC /* ZZStaticData.h */,
				857A4E981CFC3C45001DBEFC /* ZZStaticData.m */,
				857A4E991CFC3C45001DBEFC /* ZZSuggestionTableViewCell.h */,
				857A4E9A1CFC3C45001DBEFC /* ZZSuggestionTableViewCell.m */,
				857A4E9B1CFC3C45001DBEFC /* ZZSuggestionTableViewCell.xib */,
				857A4E9C1CFC3C45001DBEFC /* ZZTodayHead.h */,
				857A4E9D1CFC3C45001DBEFC /* ZZTodayHead.m */,
				857A4E9E1CFC3C45001DBEFC /* ZZTodayHead.xib */,
			);
			path = Views;
			sourceTree = "<group>";
		};
		85C741311CFBC9E600BC7BE2 /* Tools */ = {
			isa = PBXGroup;
			children = (
				859F4FDB1CE70C2900838301 /* ZZManeger.h */,
				859F4FDC1CE70C2900838301 /* ZZManeger.m */,
			);
			name = Tools;
			sourceTree = "<group>";
		};
		85D843E51CF7087000AC3E02 /* 选择界面 */ = {
			isa = PBXGroup;
			children = (
				85E2E1D71CED481C003ABBF3 /* ZZSelectionViewController.h */,
				85E2E1D81CED481C003ABBF3 /* ZZSelectionViewController.m */,
			);
			name = "选择界面";
			sourceTree = "<group>";
		};
		85D843E71CF7093700AC3E02 /* Uitls */ = {
			isa = PBXGroup;
			children = (
				85C741311CFBC9E600BC7BE2 /* Tools */,
				85D843E81CF7094000AC3E02 /* Controllers */,
				85D843EA1CF7097C00AC3E02 /* Models */,
				85D843E91CF7095E00AC3E02 /* Views */,
			);
			name = Uitls;
			sourceTree = "<group>";
		};
		85D843E81CF7094000AC3E02 /* Controllers */ = {
			isa = PBXGroup;
			children = (
				85B130421CEDD85C0026E8D7 /* ZZTabBarViewController.h */,
				85B130431CEDD85C0026E8D7 /* ZZTabBarViewController.m */,
				85B130451CEDDB280026E8D7 /* ZZNaviViewController.h */,
				85B130461CEDDB280026E8D7 /* ZZNaviViewController.m */,
			);
			name = Controllers;
			sourceTree = "<group>";
		};
		85D843E91CF7095E00AC3E02 /* Views */ = {
			isa = PBXGroup;
			children = (
				859F4FF81CE7187D00838301 /* ZZLayout.h */,
				859F4FF91CE7187D00838301 /* ZZLayout.m */,
				859F4FF31CE7184000838301 /* ZZCell.h */,
				859F4FF41CE7184000838301 /* ZZCell.m */,
				859F4FF51CE7184000838301 /* ZZCell.xib */,
			);
			name = Views;
			sourceTree = "<group>";
		};
		85D843EA1CF7097C00AC3E02 /* Models */ = {
			isa = PBXGroup;
			children = (
				859F4FED1CE7155800838301 /* ZZResult.h */,
				859F4FEE1CE7155800838301 /* ZZResult.m */,
				85AACEB71CEBF1F0004F0190 /* ZZCellContentState.h */,
				85AACEB81CEBF1F0004F0190 /* ZZCellContentState.m */,
				85AACEBA1CEC0E4F004F0190 /* ZZCellStateArray.h */,
				85AACEBB1CEC0E4F004F0190 /* ZZCellStateArray.m */,
			);
			name = Models;
			sourceTree = "<group>";
		};
		85DA22991CE959E900CC3FEE /* SDWebImage */ = {
			isa = PBXGroup;
			children = (
				85DA229A1CE959E900CC3FEE /* MKAnnotationView+WebCache.h */,
				85DA229B1CE959E900CC3FEE /* MKAnnotationView+WebCache.m */,
				85DA229C1CE959E900CC3FEE /* NSData+ImageContentType.h */,
				85DA229D1CE959E900CC3FEE /* NSData+ImageContentType.m */,
				85DA229E1CE959E900CC3FEE /* SDImageCache.h */,
				85DA229F1CE959E900CC3FEE /* SDImageCache.m */,
				85DA22A01CE959E900CC3FEE /* SDWebImageCompat.h */,
				85DA22A11CE959E900CC3FEE /* SDWebImageCompat.m */,
				85DA22A21CE959E900CC3FEE /* SDWebImageDecoder.h */,
				85DA22A31CE959E900CC3FEE /* SDWebImageDecoder.m */,
				85DA22A41CE959E900CC3FEE /* SDWebImageDownloader.h */,
				85DA22A51CE959E900CC3FEE /* SDWebImageDownloader.m */,
				85DA22A61CE959E900CC3FEE /* SDWebImageDownloaderOperation.h */,
				85DA22A71CE959E900CC3FEE /* SDWebImageDownloaderOperation.m */,
				85DA22A81CE959E900CC3FEE /* SDWebImageManager.h */,
				85DA22A91CE959E900CC3FEE /* SDWebImageManager.m */,
				85DA22AA1CE959E900CC3FEE /* SDWebImageOperation.h */,
				85DA22AB1CE959E900CC3FEE /* SDWebImagePrefetcher.h */,
				85DA22AC1CE959E900CC3FEE /* SDWebImagePrefetcher.m */,
				85DA22AD1CE959E900CC3FEE /* UIButton+WebCache.h */,
				85DA22AE1CE959E900CC3FEE /* UIButton+WebCache.m */,
				85DA22AF1CE959E900CC3FEE /* UIImage+GIF.h */,
				85DA22B01CE959E900CC3FEE /* UIImage+GIF.m */,
				85DA22B11CE959E900CC3FEE /* UIImage+MultiFormat.h */,
				85DA22B21CE959E900CC3FEE /* UIImage+MultiFormat.m */,
				85DA22B31CE959E900CC3FEE /* UIImage+WebP.h */,
				85DA22B41CE959E900CC3FEE /* UIImage+WebP.m */,
				85DA22B51CE959E900CC3FEE /* UIImageView+HighlightedWebCache.h */,
				85DA22B61CE959E900CC3FEE /* UIImageView+HighlightedWebCache.m */,
				85DA22B71CE959E900CC3FEE /* UIImageView+WebCache.h */,
				85DA22B81CE959E900CC3FEE /* UIImageView+WebCache.m */,
				85DA22B91CE959E900CC3FEE /* UIView+WebCacheOperation.h */,
				85DA22BA1CE959E900CC3FEE /* UIView+WebCacheOperation.m */,
			);
			path = SDWebImage;
			sourceTree = "<group>";
		};
		85DA22CE1CE9F12800CC3FEE /* 主界面 */ = {
			isa = PBXGroup;
			children = (
				85EB5BEE1CE7018100C6BBFE /* MainViewController.h */,
				85EB5BEF1CE7018100C6BBFE /* MainViewController.m */,
			);
			name = "主界面";
			sourceTree = "<group>";
		};
		85DA22CF1CE9F14C00CC3FEE /* 除考试外界面 */ = {
			isa = PBXGroup;
			children = (
				859F4FF01CE716B800838301 /* ZZAllCollectionViewController.h */,
				859F4FF11CE716B800838301 /* ZZAllCollectionViewController.m */,
			);
			name = "除考试外界面";
			sourceTree = "<group>";
		};
		85DA22D01CE9F15700CC3FEE /* 考试界面 */ = {
			isa = PBXGroup;
			children = (
				85DA22CB1CE95DCB00CC3FEE /* ZZTestCollectionViewController.h */,
				85DA22CC1CE95DCB00CC3FEE /* ZZTestCollectionViewController.m */,
			);
			name = "考试界面";
			sourceTree = "<group>";
		};
		85EB5BCB1CE7001D00C6BBFE = {
			isa = PBXGroup;
			children = (
				85EB5BD61CE7001D00C6BBFE /* 驾照通 */,
				85EB5BD51CE7001D00C6BBFE /* Products */,
			);
			sourceTree = "<group>";
		};
		85EB5BD51CE7001D00C6BBFE /* Products */ = {
			isa = PBXGroup;
			children = (
				85EB5BD41CE7001D00C6BBFE /* 驾照通.app */,
			);
			name = Products;
			sourceTree = "<group>";
		};
		85EB5BD61CE7001D00C6BBFE /* 驾照通 */ = {
			isa = PBXGroup;
			children = (
				85D843E71CF7093700AC3E02 /* Uitls */,
				857A4DB51CFC3046001DBEFC /* 天气界面 */,
				857A4DB41CFC3035001DBEFC /* 地图界面 */,
				85D843E51CF7087000AC3E02 /* 选择界面 */,
				85DA22D01CE9F15700CC3FEE /* 考试界面 */,
				85DA22CF1CE9F14C00CC3FEE /* 除考试外界面 */,
				85DA22CE1CE9F12800CC3FEE /* 主界面 */,
				85EB5BF71CE7071900C6BBFE /* Libs */,
				85EB5BDA1CE7001D00C6BBFE /* AppDelegate.h */,
				85EB5BDB1CE7001D00C6BBFE /* AppDelegate.m */,
				85EB5BE01CE7001D00C6BBFE /* Main.storyboard */,
				85EB5BE31CE7001D00C6BBFE /* Assets.xcassets */,
				85EB5BE51CE7001D00C6BBFE /* LaunchScreen.storyboard */,
				85EB5BE81CE7001D00C6BBFE /* Info.plist */,
				85EB5BD71CE7001D00C6BBFE /* Supporting Files */,
			);
			path = "驾照通";
			sourceTree = "<group>";
		};
		85EB5BD71CE7001D00C6BBFE /* Supporting Files */ = {
			isa = PBXGroup;
			children = (
				85EB5BD81CE7001D00C6BBFE /* main.m */,
			);
			name = "Supporting Files";
			sourceTree = "<group>";
		};
		85EB5BF71CE7071900C6BBFE /* Libs */ = {
			isa = PBXGroup;
			children = (
				85DA22991CE959E900CC3FEE /* SDWebImage */,
				85EB5BF91CE7073A00C6BBFE /* c1科目一.plist */,
				85EB5BF81CE7073A00C6BBFE /* c2科目一.plist */,
				85EB5BFB1CE7073A00C6BBFE /* b1科目一.plist */,
				85DA22D11CE9F5A600CC3FEE /* b2科目一.plist */,
				85EB5BFA1CE7073A00C6BBFE /* 科目四.plist */,
			);
			name = Libs;
			sourceTree = "<group>";
		};
/* End PBXGroup section */

/* Begin PBXNativeTarget section */
		85EB5BD31CE7001D00C6BBFE /* 驾照通 */ = {
			isa = PBXNativeTarget;
			buildConfigurationList = 85EB5BEB1CE7001D00C6BBFE /* Build configuration list for PBXNativeTarget "驾照通" */;
			buildPhases = (
				85EB5BD01CE7001D00C6BBFE /* Sources */,
				85EB5BD11CE7001D00C6BBFE /* Frameworks */,
				85EB5BD21CE7001D00C6BBFE /* Resources */,
			);
			buildRules = (
			);
			dependencies = (
			);
			name = "驾照通";
			productName = "驾照通";
			productReference = 85EB5BD41CE7001D00C6BBFE /* 驾照通.app */;
			productType = "com.apple.product-type.application";
		};
/* End PBXNativeTarget section */

/* Begin PBXProject section */
		85EB5BCC1CE7001D00C6BBFE /* Project object */ = {
			isa = PBXProject;
			attributes = {
				LastUpgradeCheck = 0710;
				ORGANIZATIONNAME = Tarena;
				TargetAttributes = {
					85EB5BD31CE7001D00C6BBFE = {
						CreatedOnToolsVersion = 7.1.1;
						DevelopmentTeam = V9U62K5KE8;
					};
				};
			};
			buildConfigurationList = 85EB5BCF1CE7001D00C6BBFE /* Build configuration list for PBXProject "驾照通" */;
			compatibilityVersion = "Xcode 3.2";
			developmentRegion = English;
			hasScannedForEncodings = 0;
			knownRegions = (
				en,
				Base,
			);
			mainGroup = 85EB5BCB1CE7001D00C6BBFE;
			productRefGroup = 85EB5BD51CE7001D00C6BBFE /* Products */;
			projectDirPath = "";
			projectRoot = "";
			targets = (
				85EB5BD31CE7001D00C6BBFE /* 驾照通 */,
			);
		};
/* End PBXProject section */

/* Begin PBXResourcesBuildPhase section */
		85EB5BD21CE7001D00C6BBFE /* Resources */ = {
			isa = PBXResourcesBuildPhase;
			buildActionMask = 2147483647;
			files = (
				857A4EC61CFC3C45001DBEFC /* ZZNowTableViewCell.xib in Resources */,
				857A4EBD1CFC3C45001DBEFC /* sunny.png in Resources */,
				857A4EC91CFC3C45001DBEFC /* ZZSuggestionTableViewCell.xib in Resources */,
				857A4EBB1CFC3C45001DBEFC /* rain.png in Resources */,
				857A4EC11CFC3C45001DBEFC /* ZZDailyView.xib in Resources */,
				857A4EB91CFC3C45001DBEFC /* cityNumber.plist in Resources */,
				85DA22D21CE9F5A600CC3FEE /* b2科目一.plist in Resources */,
				85EB5BE71CE7001D00C6BBFE /* LaunchScreen.storyboard in Resources */,
				859F4FF71CE7184000838301 /* ZZCell.xib in Resources */,
				85EB5BFD1CE7073A00C6BBFE /* c1科目一.plist in Resources */,
				857A4EBC1CFC3C45001DBEFC /* cloud.png in Resources */,
				857A4ECB1CFC3C45001DBEFC /* ZZTodayHead.xib in Resources */,
				85EB5BFF1CE7073A00C6BBFE /* b1科目一.plist in Resources */,
				85EB5BFC1CE7073A00C6BBFE /* c2科目一.plist in Resources */,
				85EB5BE41CE7001D00C6BBFE /* Assets.xcassets in Resources */,
				85EB5BE21CE7001D00C6BBFE /* Main.storyboard in Resources */,
				857A4EBA1CFC3C45001DBEFC /* tempWeather.plist in Resources */,
				857A4EC31CFC3C45001DBEFC /* ZZHeadView.xib in Resources */,
				857A4EAE1CFC3C45001DBEFC /* MJRefresh.bundle in Resources */,
				85EB5BFE1CE7073A00C6BBFE /* 科目四.plist in Resources */,
			);
			runOnlyForDeploymentPostprocessing = 0;
		};
/* End PBXResourcesBuildPhase section */

/* Begin PBXSourcesBuildPhase section */
		85EB5BD01CE7001D00C6BBFE /* Sources */ = {
			isa = PBXSourcesBuildPhase;
			buildActionMask = 2147483647;
			files = (
				857A4EC51CFC3C45001DBEFC /* ZZNowTableViewCell.m in Sources */,
				857A4ECA1CFC3C45001DBEFC /* ZZTodayHead.m in Sources */,
				857A4EB51CFC3C45001DBEFC /* ZZdaliy.m in Sources */,
				857A4EA81CFC3C45001DBEFC /* MJRefreshBackGifFooter.m in Sources */,
				85DA22C81CE959E900CC3FEE /* UIImageView+HighlightedWebCache.m in Sources */,
				85DA22BF1CE959E900CC3FEE /* SDWebImageDecoder.m in Sources */,
				85DA22C91CE959E900CC3FEE /* UIImageView+WebCache.m in Sources */,
				857A4EB11CFC3C45001DBEFC /* UIScrollView+MJRefresh.m in Sources */,
				857A4EB41CFC3C45001DBEFC /* ZZAqi.m in Sources */,
				857A4EB61CFC3C45001DBEFC /* ZZDataTool.m in Sources */,
				85EB5BDC1CE7001D00C6BBFE /* AppDelegate.m in Sources */,
				857A4E9F1CFC3C45001DBEFC /* ZZWeatherTableViewController.m in Sources */,
				857A4EA31CFC3C45001DBEFC /* MJRefreshFooter.m in Sources */,
				857A4EAF1CFC3C45001DBEFC /* MJRefreshConst.m in Sources */,
				85DA22C11CE959E900CC3FEE /* SDWebImageDownloaderOperation.m in Sources */,
				85DA22C21CE959E900CC3FEE /* SDWebImageManager.m in Sources */,
				85B130471CEDDB280026E8D7 /* ZZNaviViewController.m in Sources */,
				859F4FF61CE7184000838301 /* ZZCell.m in Sources */,
				857A4EB01CFC3C45001DBEFC /* UIScrollView+MJExtension.m in Sources */,
				85EB5BF01CE7018100C6BBFE /* MainViewController.m in Sources */,
				857A4EA01CFC3C45001DBEFC /* MJRefreshAutoFooter.m in Sources */,
				857A4EA71CFC3C45001DBEFC /* MJRefreshAutoStateFooter.m in Sources */,
				857A4EC81CFC3C45001DBEFC /* ZZSuggestionTableViewCell.m in Sources */,
				857A4EAA1CFC3C45001DBEFC /* MJRefreshBackStateFooter.m in Sources */,
				85DA22CD1CE95DCB00CC3FEE /* ZZTestCollectionViewController.m in Sources */,
				857A4EB71CFC3C45001DBEFC /* ZZNow.m in Sources */,
				857A4EA91CFC3C45001DBEFC /* MJRefreshBackNormalFooter.m in Sources */,
				857A4EC21CFC3C45001DBEFC /* ZZHeadView.m in Sources */,
				857A4EAD1CFC3C45001DBEFC /* MJRefreshStateHeader.m in Sources */,
				857A4EA11CFC3C45001DBEFC /* MJRefreshBackFooter.m in Sources */,
				85DA22C01CE959E900CC3FEE /* SDWebImageDownloader.m in Sources */,
				857A4EA41CFC3C45001DBEFC /* MJRefreshHeader.m in Sources */,
				85DA22BB1CE959E900CC3FEE /* MKAnnotationView+WebCache.m in Sources */,
				857A4EB81CFC3C45001DBEFC /* ZZSuggestion.m in Sources */,
				857A4EC71CFC3C45001DBEFC /* ZZStaticData.m in Sources */,
				85E2E1D91CED481C003ABBF3 /* ZZSelectionViewController.m in Sources */,
				85DA22BE1CE959E900CC3FEE /* SDWebImageCompat.m in Sources */,
				85DA22C31CE959E900CC3FEE /* SDWebImagePrefetcher.m in Sources */,
				85DA22CA1CE959E900CC3FEE /* UIView+WebCacheOperation.m in Sources */,
				857A4DB81CFC305D001DBEFC /* ZZMapViewController.m in Sources */,
				857A4EC01CFC3C45001DBEFC /* ZZDailyView.m in Sources */,
				85DA22C61CE959E900CC3FEE /* UIImage+MultiFormat.m in Sources */,
				857A4EA51CFC3C45001DBEFC /* MJRefreshAutoGifFooter.m in Sources */,
				859F4FDD1CE70C2900838301 /* ZZManeger.m in Sources */,
				859F4FF21CE716B800838301 /* ZZAllCollectionViewController.m in Sources */,
				857A4EC41CFC3C45001DBEFC /* ZZLabel.m in Sources */,
				85B130441CEDD85C0026E8D7 /* ZZTabBarViewController.m in Sources */,
				85DA22C41CE959E900CC3FEE /* UIButton+WebCache.m in Sources */,
				857A4EAB1CFC3C45001DBEFC /* MJRefreshGifHeader.m in Sources */,
				859F4FEF1CE7155800838301 /* ZZResult.m in Sources */,
				85AACEB91CEBF1F0004F0190 /* ZZCellContentState.m in Sources */,
				85DA22BD1CE959E900CC3FEE /* SDImageCache.m in Sources */,
				857A4EAC1CFC3C45001DBEFC /* MJRefreshNormalHeader.m in Sources */,
				857A4EB31CFC3C45001DBEFC /* ZZAllData.m in Sources */,
				857A4EBF1CFC3C45001DBEFC /* ZZDailyTableViewCell.m in Sources */,
				857A4EB21CFC3C45001DBEFC /* UIView+MJExtension.m in Sources */,
				859F4FFA1CE7187D00838301 /* ZZLayout.m in Sources */,
				857A4EA61CFC3C45001DBEFC /* MJRefreshAutoNormalFooter.m in Sources */,
				85EB5BD91CE7001D00C6BBFE /* main.m in Sources */,
				85AACEBC1CEC0E4F004F0190 /* ZZCellStateArray.m in Sources */,
				857A4EBE1CFC3C45001DBEFC /* ZZNetServer.m in Sources */,
				85DA22C51CE959E900CC3FEE /* UIImage+GIF.m in Sources */,
				857A4EA21CFC3C45001DBEFC /* MJRefreshComponent.m in Sources */,
				85DA22BC1CE959E900CC3FEE /* NSData+ImageContentType.m in Sources */,
				85DA22C71CE959E900CC3FEE /* UIImage+WebP.m in Sources */,
			);
			runOnlyForDeploymentPostprocessing = 0;
		};
/* End PBXSourcesBuildPhase section */

/* Begin PBXVariantGroup section */
		85EB5BE01CE7001D00C6BBFE /* Main.storyboard */ = {
			isa = PBXVariantGroup;
			children = (
				85EB5BE11CE7001D00C6BBFE /* Base */,
			);
			name = Main.storyboard;
			sourceTree = "<group>";
		};
		85EB5BE51CE7001D00C6BBFE /* LaunchScreen.storyboard */ = {
			isa = PBXVariantGroup;
			children = (
				85EB5BE61CE7001D00C6BBFE /* Base */,
			);
			name = LaunchScreen.storyboard;
			sourceTree = "<group>";
		};
/* End PBXVariantGroup section */

/* Begin XCBuildConfiguration section */
		85EB5BE91CE7001D00C6BBFE /* Debug */ = {
			isa = XCBuildConfiguration;
			buildSettings = {
				ALWAYS_SEARCH_USER_PATHS = NO;
				CLANG_CXX_LANGUAGE_STANDARD = "gnu++0x";
				CLANG_CXX_LIBRARY = "libc++";
				CLANG_ENABLE_MODULES = YES;
				CLANG_ENABLE_OBJC_ARC = YES;
				CLANG_WARN_BOOL_CONVERSION = YES;
				CLANG_WARN_CONSTANT_CONVERSION = YES;
				CLANG_WARN_DIRECT_OBJC_ISA_USAGE = YES_ERROR;
				CLANG_WARN_EMPTY_BODY = YES;
				CLANG_WARN_ENUM_CONVERSION = YES;
				CLANG_WARN_INT_CONVERSION = YES;
				CLANG_WARN_OBJC_ROOT_CLASS = YES_ERROR;
				CLANG_WARN_UNREACHABLE_CODE = YES;
				CLANG_WARN__DUPLICATE_METHOD_MATCH = YES;
				"CODE_SIGN_IDENTITY[sdk=iphoneos*]" = "iPhone Developer";
				COPY_PHASE_STRIP = NO;
				DEBUG_INFORMATION_FORMAT = dwarf;
				ENABLE_STRICT_OBJC_MSGSEND = YES;
				ENABLE_TESTABILITY = YES;
				GCC_C_LANGUAGE_STANDARD = gnu99;
				GCC_DYNAMIC_NO_PIC = NO;
				GCC_NO_COMMON_BLOCKS = YES;
				GCC_OPTIMIZATION_LEVEL = 0;
				GCC_PREPROCESSOR_DEFINITIONS = (
					"DEBUG=1",
					"$(inherited)",
				);
				GCC_WARN_64_TO_32_BIT_CONVERSION = YES;
				GCC_WARN_ABOUT_RETURN_TYPE = YES_ERROR;
				GCC_WARN_UNDECLARED_SELECTOR = YES;
				GCC_WARN_UNINITIALIZED_AUTOS = YES_AGGRESSIVE;
				GCC_WARN_UNUSED_FUNCTION = YES;
				GCC_WARN_UNUSED_VARIABLE = YES;
				IPHONEOS_DEPLOYMENT_TARGET = 9.1;
				MTL_ENABLE_DEBUG_INFO = YES;
				ONLY_ACTIVE_ARCH = YES;
				SDKROOT = iphoneos;
				TARGETED_DEVICE_FAMILY = "1,2";
			};
			name = Debug;
		};
		85EB5BEA1CE7001D00C6BBFE /* Release */ = {
			isa = XCBuildConfiguration;
			buildSettings = {
				ALWAYS_SEARCH_USER_PATHS = NO;
				CLANG_CXX_LANGUAGE_STANDARD = "gnu++0x";
				CLANG_CXX_LIBRARY = "libc++";
				CLANG_ENABLE_MODULES = YES;
				CLANG_ENABLE_OBJC_ARC = YES;
				CLANG_WARN_BOOL_CONVERSION = YES;
				CLANG_WARN_CONSTANT_CONVERSION = YES;
				CLANG_WARN_DIRECT_OBJC_ISA_USAGE = YES_ERROR;
				CLANG_WARN_EMPTY_BODY = YES;
				CLANG_WARN_ENUM_CONVERSION = YES;
				CLANG_WARN_INT_CONVERSION = YES;
				CLANG_WARN_OBJC_ROOT_CLASS = YES_ERROR;
				CLANG_WARN_UNREACHABLE_CODE = YES;
				CLANG_WARN__DUPLICATE_METHOD_MATCH = YES;
				"CODE_SIGN_IDENTITY[sdk=iphoneos*]" = "iPhone Developer";
				COPY_PHASE_STRIP = NO;
				DEBUG_INFORMATION_FORMAT = "dwarf-with-dsym";
				ENABLE_NS_ASSERTIONS = NO;
				ENABLE_STRICT_OBJC_MSGSEND = YES;
				GCC_C_LANGUAGE_STANDARD = gnu99;
				GCC_NO_COMMON_BLOCKS = YES;
				GCC_WARN_64_TO_32_BIT_CONVERSION = YES;
				GCC_WARN_ABOUT_RETURN_TYPE = YES_ERROR;
				GCC_WARN_UNDECLARED_SELECTOR = YES;
				GCC_WARN_UNINITIALIZED_AUTOS = YES_AGGRESSIVE;
				GCC_WARN_UNUSED_FUNCTION = YES;
				GCC_WARN_UNUSED_VARIABLE = YES;
				IPHONEOS_DEPLOYMENT_TARGET = 9.1;
				MTL_ENABLE_DEBUG_INFO = NO;
				SDKROOT = iphoneos;
				TARGETED_DEVICE_FAMILY = "1,2";
				VALIDATE_PRODUCT = YES;
			};
			name = Release;
		};
		85EB5BEC1CE7001D00C6BBFE /* Debug */ = {
			isa = XCBuildConfiguration;
			buildSettings = {
				ASSETCATALOG_COMPILER_APPICON_NAME = AppIcon;
				ASSETCATALOG_COMPILER_LAUNCHIMAGE_NAME = LaunchImage;
				CODE_SIGN_IDENTITY = "iPhone Developer";
				"CODE_SIGN_IDENTITY[sdk=iphoneos*]" = "iPhone Developer: 350499088@qq.com (D866BF72ET)";
				INFOPLIST_FILE = "驾照通/Info.plist";
				IPHONEOS_DEPLOYMENT_TARGET = 7.0;
				LD_RUNPATH_SEARCH_PATHS = "$(inherited) @executable_path/Frameworks";
				PRODUCT_BUNDLE_IDENTIFIER = cn.tedu.JiaZhaoTong;
				PRODUCT_NAME = "$(TARGET_NAME)";
				PROVISIONING_PROFILE = "198454dc-7369-4895-83d0-c8be6cbb84fb";
				TARGETED_DEVICE_FAMILY = 1;
			};
			name = Debug;
		};
		85EB5BED1CE7001D00C6BBFE /* Release */ = {
			isa = XCBuildConfiguration;
			buildSettings = {
				ASSETCATALOG_COMPILER_APPICON_NAME = AppIcon;
				ASSETCATALOG_COMPILER_LAUNCHIMAGE_NAME = LaunchImage;
				CODE_SIGN_IDENTITY = "iPhone Developer";
				"CODE_SIGN_IDENTITY[sdk=iphoneos*]" = "iPhone Developer: 350499088@qq.com (D866BF72ET)";
				INFOPLIST_FILE = "驾照通/Info.plist";
				IPHONEOS_DEPLOYMENT_TARGET = 7.0;
				LD_RUNPATH_SEARCH_PATHS = "$(inherited) @executable_path/Frameworks";
				PRODUCT_BUNDLE_IDENTIFIER = cn.tedu.JiaZhaoTong;
				PRODUCT_NAME = "$(TARGET_NAME)";
				PROVISIONING_PROFILE = "198454dc-7369-4895-83d0-c8be6cbb84fb";
				TARGETED_DEVICE_FAMILY = 1;
			};
			name = Release;
		};
/* End XCBuildConfiguration section */

/* Begin XCConfigurationList section */
		85EB5BCF1CE7001D00C6BBFE /* Build configuration list for PBXProject "驾照通" */ = {
			isa = XCConfigurationList;
			buildConfigurations = (
				85EB5BE91CE7001D00C6BBFE /* Debug */,
				85EB5BEA1CE7001D00C6BBFE /* Release */,
			);
			defaultConfigurationIsVisible = 0;
			defaultConfigurationName = Release;
		};
		85EB5BEB1CE7001D00C6BBFE /* Build configuration list for PBXNativeTarget "驾照通" */ = {
			isa = XCConfigurationList;
			buildConfigurations = (
				85EB5BEC1CE7001D00C6BBFE /* Debug */,
				85EB5BED1CE7001D00C6BBFE /* Release */,
			);
			defaultConfigurationIsVisible = 0;
			defaultConfigurationName = Release;
		};
/* End XCConfigurationList section */
	};
	rootObject = 85EB5BCC1CE7001D00C6BBFE /* Project object */;
}
